version = 1
requires-python = ">=3.13"

[[package]]
name = "asgiref"
version = "3.9.1"
source = { registry = "https://pypi.org/simple" }
sdist = { url = "https://files.pythonhosted.org/packages/90/61/0aa957eec22ff70b830b22ff91f825e70e1ef732c06666a805730f28b36b/asgiref-3.9.1.tar.gz", hash = "sha256:a5ab6582236218e5ef1648f242fd9f10626cfd4de8dc377db215d5d5098e3142", size = 36870 }
wheels = [
    { url = "https://files.pythonhosted.org/packages/7c/3c/0464dcada90d5da0e71018c04a140ad6349558afb30b3051b4264cc5b965/asgiref-3.9.1-py3-none-any.whl", hash = "sha256:f3bba7092a48005b5f5bacd747d36ee4a5a61f4a269a6df590b43144355ebd2c", size = 23790 },
]

[[package]]
name = "click"
version = "8.2.1"
source = { registry = "https://pypi.org/simple" }
dependencies = [
    { name = "colorama", marker = "platform_system == 'Windows'" },
]
sdist = { url = "https://files.pythonhosted.org/packages/60/6c/8ca2efa64cf75a977a0d7fac081354553ebe483345c734fb6b6515d96bbc/click-8.2.1.tar.gz", hash = "sha256:27c491cc05d968d271d5a1db13e3b5a184636d9d930f148c50b038f0d0646202", size = 286342 }
wheels = [
    { url = "https://files.pythonhosted.org/packages/85/32/10bb5764d90a8eee674e9dc6f4db6a0ab47c8c4d0d83c27f7c39ac415a4d/click-8.2.1-py3-none-any.whl", hash = "sha256:61a3265b914e850b85317d0b3109c7f8cd35a670f963866005d6ef1d5175a12b", size = 102215 },
]

[[package]]
name = "colorama"
version = "0.4.6"
source = { registry = "https://pypi.org/simple" }
sdist = { url = "https://files.pythonhosted.org/packages/d8/53/6f443c9a4a8358a93a6792e2acffb9d9d5cb0a5cfd8802644b7b1c9a02e4/colorama-0.4.6.tar.gz", hash = "sha256:08695f5cb7ed6e0531a20572697297273c47b8cae5a63ffc6d6ed5c201be6e44", size = 27697 }
wheels = [
    { url = "https://files.pythonhosted.org/packages/d1/d6/3965ed04c63042e047cb6a3e6ed1a63a35087b6a609aa3a15ed8ac56c221/colorama-0.4.6-py2.py3-none-any.whl", hash = "sha256:4f1d9991f5acc0ca119f9d443620b77f9d6b33703e51011c16baf57afb285fc6", size = 25335 },
]

[[package]]
name = "cssbeautifier"
version = "1.15.4"
source = { registry = "https://pypi.org/simple" }
dependencies = [
    { name = "editorconfig" },
    { name = "jsbeautifier" },
    { name = "six" },
]
sdist = { url = "https://files.pythonhosted.org/packages/f7/01/fdf41c1e5f93d359681976ba10410a04b299d248e28ecce1d4e88588dde4/cssbeautifier-1.15.4.tar.gz", hash = "sha256:9bb08dc3f64c101a01677f128acf01905914cf406baf87434dcde05b74c0acf5", size = 25376 }
wheels = [
    { url = "https://files.pythonhosted.org/packages/63/51/ef6c5628e46092f0a54c7cee69acc827adc6b6aab57b55d344fefbdf28f1/cssbeautifier-1.15.4-py3-none-any.whl", hash = "sha256:78c84d5e5378df7d08622bbd0477a1abdbd209680e95480bf22f12d5701efc98", size = 123667 },
]

[[package]]
name = "diff-match-patch"
version = "20241021"
source = { registry = "https://pypi.org/simple" }
sdist = { url = "https://files.pythonhosted.org/packages/0e/ad/32e1777dd57d8e85fa31e3a243af66c538245b8d64b7265bec9a61f2ca33/diff_match_patch-20241021.tar.gz", hash = "sha256:beae57a99fa48084532935ee2968b8661db861862ec82c6f21f4acdd6d835073", size = 39962 }
wheels = [
    { url = "https://files.pythonhosted.org/packages/f7/bb/2aa9b46a01197398b901e458974c20ed107935c26e44e37ad5b0e5511e44/diff_match_patch-20241021-py3-none-any.whl", hash = "sha256:93cea333fb8b2bc0d181b0de5e16df50dd344ce64828226bda07728818936782", size = 43252 },
]

[[package]]
name = "django"
version = "5.2.6"
source = { registry = "https://pypi.org/simple" }
dependencies = [
    { name = "asgiref" },
    { name = "sqlparse" },
    { name = "tzdata", marker = "sys_platform == 'win32'" },
]
sdist = { url = "https://files.pythonhosted.org/packages/4c/8c/2a21594337250a171d45dda926caa96309d5136becd1f48017247f9cdea0/django-5.2.6.tar.gz", hash = "sha256:da5e00372763193d73cecbf71084a3848458cecf4cee36b9a1e8d318d114a87b", size = 10858861 }
wheels = [
    { url = "https://files.pythonhosted.org/packages/f5/af/6593f6d21404e842007b40fdeb81e73c20b6649b82d020bb0801b270174c/django-5.2.6-py3-none-any.whl", hash = "sha256:60549579b1174a304b77e24a93d8d9fafe6b6c03ac16311f3e25918ea5a20058", size = 8303111 },
]

[[package]]
name = "django-allauth"
version = "65.11.1"
source = { registry = "https://pypi.org/simple" }
dependencies = [
    { name = "asgiref" },
    { name = "django" },
]
sdist = { url = "https://files.pythonhosted.org/packages/ac/82/e6f607b0bad524d227f6e5aaffdb5e2b286f6ab1b4b3151134ae2303c2d6/django_allauth-65.11.1.tar.gz", hash = "sha256:e95d5234cccaf92273d315e1393cc4626cb88a19d66a1bf0e81f89f7958cfa06", size = 1915592 }

[[package]]
name = "django-debug-toolbar"
version = "6.0.0"
source = { registry = "https://pypi.org/simple" }
dependencies = [
    { name = "django" },
    { name = "sqlparse" },
]
sdist = { url = "https://files.pythonhosted.org/packages/c5/d5/5fc90234532088aeec5faa48d5b09951cc7eab6626030ed427d3bd8cd9bc/django_debug_toolbar-6.0.0.tar.gz", hash = "sha256:6eb9fa6f4a5884bf04004700ffb5a44043f1fff38784447fc52c1633448c8c14", size = 305331 }
wheels = [
    { url = "https://files.pythonhosted.org/packages/05/b5/4724a8c18fcc5b09dca7b7a0e70c34208317bb110075ad12484d6588ae91/django_debug_toolbar-6.0.0-py3-none-any.whl", hash = "sha256:0cf2cac5c307b77d6e143c914e5c6592df53ffe34642d93929e5ef095ae56841", size = 266967 },
]

[[package]]
name = "django-environ"
version = "0.12.0"
source = { registry = "https://pypi.org/simple" }
sdist = { url = "https://files.pythonhosted.org/packages/d6/04/65d2521842c42f4716225f20d8443a50804920606aec018188bbee30a6b0/django_environ-0.12.0.tar.gz", hash = "sha256:227dc891453dd5bde769c3449cf4a74b6f2ee8f7ab2361c93a07068f4179041a", size = 56804 }
wheels = [
    { url = "https://files.pythonhosted.org/packages/83/b3/0a3bec4ecbfee960f39b1842c2f91e4754251e0a6ed443db9fe3f666ba8f/django_environ-0.12.0-py2.py3-none-any.whl", hash = "sha256:92fb346a158abda07ffe6eb23135ce92843af06ecf8753f43adf9d2366dcc0ca", size = 19957 },
]

[[package]]
name = "django-import-export"
version = "4.3.9"
source = { registry = "https://pypi.org/simple" }
dependencies = [
    { name = "diff-match-patch" },
    { name = "django" },
    { name = "tablib" },
]
sdist = { url = "https://files.pythonhosted.org/packages/d0/4c/caaf012e437faa260e7aee97847279e80e088855d2574e08aa9282f47a6d/django_import_export-4.3.9.tar.gz", hash = "sha256:966e01c2cbd6acda710a0a0097cd99b28d4f9883abbfbbf712f34a2e8eea8809", size = 2226734 }
wheels = [
    { url = "https://files.pythonhosted.org/packages/33/20/8502f3985b91befb3e771c258b7e2a3fa916bdb834e960da307ecc359d66/django_import_export-4.3.9-py3-none-any.whl", hash = "sha256:3d83b1c28f30935240ef9d914a1d4845c6fcaf5c7e5454889dda800eb5d374fb", size = 148545 },
]

[[package]]
name = "django-js-asset"
version = "3.1.2"
source = { registry = "https://pypi.org/simple" }
dependencies = [
    { name = "django" },
]
sdist = { url = "https://files.pythonhosted.org/packages/e6/91/c63f136f553ec24fc46ccf20ac7292a8df04815b383975b6f3f7f0060217/django_js_asset-3.1.2.tar.gz", hash = "sha256:1fc7584199ed1941ed7c8e7b87ca5524bb0f2ba941561d2a104e88ee9f07bedd", size = 9471 }
wheels = [
    { url = "https://files.pythonhosted.org/packages/a6/cf/b208767db5e56b5189829f753eec6a14ee75d074922dc2bd19220b22a34d/django_js_asset-3.1.2-py3-none-any.whl", hash = "sha256:b5ffe376aebbd73b7af886d675ac9f43ca63b39540190fa8409c9f8e79145f68", size = 5905 },
]

[[package]]
name = "django-mptt"
version = "0.18.0"
source = { registry = "https://pypi.org/simple" }
dependencies = [
    { name = "django-js-asset" },
]
sdist = { url = "https://files.pythonhosted.org/packages/eb/25/04bb8e4384f3484dabbd0e2a84946f1c972b95b07512509a17aaa361be0f/django_mptt-0.18.0.tar.gz", hash = "sha256:cf5661357ff22bc64e20d3341c26e538aa54583aea0763cfe6aaec0ab8e3a8ee", size = 71407 }
wheels = [
    { url = "https://files.pythonhosted.org/packages/51/9e/78aad58a90f2e4d0c898eeadd2f2b720bcae29b43676dd37c2b627c4c6c6/django_mptt-0.18.0-py3-none-any.whl", hash = "sha256:bfa3f01627e3966a1df901aeca74570a3e933e66809ebf58d9df673e63627afb", size = 120157 },
]

[[package]]
name = "django-widget-tweaks"
version = "1.5.0"
source = { registry = "https://pypi.org/simple" }
sdist = { url = "https://files.pythonhosted.org/packages/a5/fe/26eb92fba83844e71bbec0ced7fc2e843e5990020e3cc676925204031654/django-widget-tweaks-1.5.0.tar.gz", hash = "sha256:1c2180681ebb994e922c754804c7ffebbe1245014777ac47897a81f57cc629c7", size = 14767 }
wheels = [
    { url = "https://files.pythonhosted.org/packages/46/6a/6cb6deb5c38b785c77c3ba66f53051eada49205979c407323eb666930915/django_widget_tweaks-1.5.0-py3-none-any.whl", hash = "sha256:a41b7b2f05bd44d673d11ebd6c09a96f1d013ee98121cb98c384fe84e33b881e", size = 8960 },
]

[[package]]
name = "djlint"
version = "1.36.4"
source = { registry = "https://pypi.org/simple" }
dependencies = [
    { name = "click" },
    { name = "colorama" },
    { name = "cssbeautifier" },
    { name = "jsbeautifier" },
    { name = "json5" },
    { name = "pathspec" },
    { name = "pyyaml" },
    { name = "regex" },
    { name = "tqdm" },
]
sdist = { url = "https://files.pythonhosted.org/packages/74/89/ecf5be9f5c59a0c53bcaa29671742c5e269cc7d0e2622e3f65f41df251bf/djlint-1.36.4.tar.gz", hash = "sha256:17254f218b46fe5a714b224c85074c099bcb74e3b2e1f15c2ddc2cf415a408a1", size = 47849 }
wheels = [
    { url = "https://files.pythonhosted.org/packages/da/83/88b4c885812921739f5529a29085c3762705154d41caf7eb9a8886a3380c/djlint-1.36.4-cp313-cp313-macosx_10_13_x86_64.whl", hash = "sha256:ead475013bcac46095b1bbc8cf97ed2f06e83422335734363f8a76b4ba7e47c2", size = 354384 },
    { url = "https://files.pythonhosted.org/packages/32/38/67695f7a150b3d9d62fadb65242213d96024151570c3cf5d966effa68b0e/djlint-1.36.4-cp313-cp313-macosx_11_0_arm64.whl", hash = "sha256:6c601dfa68ea253311deb4a29a7362b7a64933bdfcfb5a06618f3e70ad1fa835", size = 322971 },
    { url = "https://files.pythonhosted.org/packages/ac/7a/cd851393291b12e7fe17cf5d4d8874b8ea133aebbe9235f5314aabc96a52/djlint-1.36.4-cp313-cp313-manylinux_2_17_x86_64.manylinux2014_x86_64.manylinux_2_28_x86_64.whl", hash = "sha256:bda5014f295002363381969864addeb2db13955f1b26e772657c3b273ed7809f", size = 410972 },
    { url = "https://files.pythonhosted.org/packages/6c/31/56469120394b970d4f079a552fde21ed27702ca729595ab0ed459eb6d240/djlint-1.36.4-cp313-cp313-win_amd64.whl", hash = "sha256:16ce37e085afe5a30953b2bd87cbe34c37843d94c701fc68a2dda06c1e428ff4", size = 362053 },
    { url = "https://files.pythonhosted.org/packages/4b/67/f7aeea9be6fb3bd984487af8d0d80225a0b1e5f6f7126e3332d349fb13fe/djlint-1.36.4-py3-none-any.whl", hash = "sha256:e9699b8ac3057a6ed04fb90835b89bee954ed1959c01541ce4f8f729c938afdd", size = 52290 },
]

[[package]]
name = "editorconfig"
version = "0.17.1"
source = { registry = "https://pypi.org/simple" }
sdist = { url = "https://files.pythonhosted.org/packages/88/3a/a61d9a1f319a186b05d14df17daea42fcddea63c213bcd61a929fb3a6796/editorconfig-0.17.1.tar.gz", hash = "sha256:23c08b00e8e08cc3adcddb825251c497478df1dada6aefeb01e626ad37303745", size = 14695 }
wheels = [
    { url = "https://files.pythonhosted.org/packages/96/fd/a40c621ff207f3ce8e484aa0fc8ba4eb6e3ecf52e15b42ba764b457a9550/editorconfig-0.17.1-py3-none-any.whl", hash = "sha256:1eda9c2c0db8c16dbd50111b710572a5e6de934e39772de1959d41f64fc17c82", size = 16360 },
]

[[package]]
name = "jsbeautifier"
version = "1.15.4"
source = { registry = "https://pypi.org/simple" }
dependencies = [
    { name = "editorconfig" },
    { name = "six" },
]
sdist = { url = "https://files.pythonhosted.org/packages/ea/98/d6cadf4d5a1c03b2136837a435682418c29fdeb66be137128544cecc5b7a/jsbeautifier-1.15.4.tar.gz", hash = "sha256:5bb18d9efb9331d825735fbc5360ee8f1aac5e52780042803943aa7f854f7592", size = 75257 }
wheels = [
    { url = "https://files.pythonhosted.org/packages/2d/14/1c65fccf8413d5f5c6e8425f84675169654395098000d8bddc4e9d3390e1/jsbeautifier-1.15.4-py3-none-any.whl", hash = "sha256:72f65de312a3f10900d7685557f84cb61a9733c50dcc27271a39f5b0051bf528", size = 94707 },
]

[[package]]
name = "json5"
version = "0.12.1"
source = { registry = "https://pypi.org/simple" }
sdist = { url = "https://files.pythonhosted.org/packages/12/ae/929aee9619e9eba9015207a9d2c1c54db18311da7eb4dcf6d41ad6f0eb67/json5-0.12.1.tar.gz", hash = "sha256:b2743e77b3242f8d03c143dd975a6ec7c52e2f2afe76ed934e53503dd4ad4990", size = 52191 }
wheels = [
    { url = "https://files.pythonhosted.org/packages/85/e2/05328bd2621be49a6fed9e3030b1e51a2d04537d3f816d211b9cc53c5262/json5-0.12.1-py3-none-any.whl", hash = "sha256:d9c9b3bc34a5f54d43c35e11ef7cb87d8bdd098c6ace87117a7b7e83e705c1d5", size = 36119 },
]

[[package]]
name = "knowledge"
version = "0.1.0"
source = { virtual = "." }
dependencies = [
    { name = "django" },
    { name = "django-allauth" },
    { name = "django-debug-toolbar" },
    { name = "django-environ" },
    { name = "django-import-export" },
    { name = "django-mptt" },
    { name = "django-widget-tweaks" },
    { name = "djlint" },
]

[package.metadata]
requires-dist = [
    { name = "django", specifier = ">=5.2.6" },
    { name = "django-allauth", specifier = ">=65.11.1" },
    { name = "django-debug-toolbar", specifier = ">=6.0.0" },
    { name = "django-environ", specifier = ">=0.12.0" },
    { name = "django-import-export", specifier = ">=4.3.9" },
    { name = "django-mptt", specifier = ">=0.18.0" },
    { name = "django-widget-tweaks", specifier = ">=1.5.0" },
    { name = "djlint" },
]

[[package]]
name = "pathspec"
version = "0.12.1"
source = { registry = "https://pypi.org/simple" }
sdist = { url = "https://files.pythonhosted.org/packages/ca/bc/f35b8446f4531a7cb215605d100cd88b7ac6f44ab3fc94870c120ab3adbf/pathspec-0.12.1.tar.gz", hash = "sha256:a482d51503a1ab33b1c67a6c3813a26953dbdc71c31dacaef9a838c4e29f5712", size = 51043 }
wheels = [
    { url = "https://files.pythonhosted.org/packages/cc/20/ff623b09d963f88bfde16306a54e12ee5ea43e9b597108672ff3a408aad6/pathspec-0.12.1-py3-none-any.whl", hash = "sha256:a0d503e138a4c123b27490a4f7beda6a01c6f288df0e4a8b79c7eb0dc7b4cc08", size = 31191 },
]

[[package]]
name = "pyyaml"
version = "6.0.2"
source = { registry = "https://pypi.org/simple" }
sdist = { url = "https://files.pythonhosted.org/packages/54/ed/79a089b6be93607fa5cdaedf301d7dfb23af5f25c398d5ead2525b063e17/pyyaml-6.0.2.tar.gz", hash = "sha256:d584d9ec91ad65861cc08d42e834324ef890a082e591037abe114850ff7bbc3e", size = 130631 }
wheels = [
    { url = "https://files.pythonhosted.org/packages/ef/e3/3af305b830494fa85d95f6d95ef7fa73f2ee1cc8ef5b495c7c3269fb835f/PyYAML-6.0.2-cp313-cp313-macosx_10_13_x86_64.whl", hash = "sha256:efdca5630322a10774e8e98e1af481aad470dd62c3170801852d752aa7a783ba", size = 181309 },
    { url = "https://files.pythonhosted.org/packages/45/9f/3b1c20a0b7a3200524eb0076cc027a970d320bd3a6592873c85c92a08731/PyYAML-6.0.2-cp313-cp313-macosx_11_0_arm64.whl", hash = "sha256:50187695423ffe49e2deacb8cd10510bc361faac997de9efef88badc3bb9e2d1", size = 171679 },
    { url = "https://files.pythonhosted.org/packages/7c/9a/337322f27005c33bcb656c655fa78325b730324c78620e8328ae28b64d0c/PyYAML-6.0.2-cp313-cp313-manylinux_2_17_aarch64.manylinux2014_aarch64.whl", hash = "sha256:0ffe8360bab4910ef1b9e87fb812d8bc0a308b0d0eef8c8f44e0254ab3b07133", size = 733428 },
    { url = "https://files.pythonhosted.org/packages/a3/69/864fbe19e6c18ea3cc196cbe5d392175b4cf3d5d0ac1403ec3f2d237ebb5/PyYAML-6.0.2-cp313-cp313-manylinux_2_17_s390x.manylinux2014_s390x.whl", hash = "sha256:17e311b6c678207928d649faa7cb0d7b4c26a0ba73d41e99c4fff6b6c3276484", size = 763361 },
    { url = "https://files.pythonhosted.org/packages/04/24/b7721e4845c2f162d26f50521b825fb061bc0a5afcf9a386840f23ea19fa/PyYAML-6.0.2-cp313-cp313-manylinux_2_17_x86_64.manylinux2014_x86_64.whl", hash = "sha256:70b189594dbe54f75ab3a1acec5f1e3faa7e8cf2f1e08d9b561cb41b845f69d5", size = 759523 },
    { url = "https://files.pythonhosted.org/packages/2b/b2/e3234f59ba06559c6ff63c4e10baea10e5e7df868092bf9ab40e5b9c56b6/PyYAML-6.0.2-cp313-cp313-musllinux_1_1_aarch64.whl", hash = "sha256:41e4e3953a79407c794916fa277a82531dd93aad34e29c2a514c2c0c5fe971cc", size = 726660 },
    { url = "https://files.pythonhosted.org/packages/fe/0f/25911a9f080464c59fab9027482f822b86bf0608957a5fcc6eaac85aa515/PyYAML-6.0.2-cp313-cp313-musllinux_1_1_x86_64.whl", hash = "sha256:68ccc6023a3400877818152ad9a1033e3db8625d899c72eacb5a668902e4d652", size = 751597 },
    { url = "https://files.pythonhosted.org/packages/14/0d/e2c3b43bbce3cf6bd97c840b46088a3031085179e596d4929729d8d68270/PyYAML-6.0.2-cp313-cp313-win32.whl", hash = "sha256:bc2fa7c6b47d6bc618dd7fb02ef6fdedb1090ec036abab80d4681424b84c1183", size = 140527 },
    { url = "https://files.pythonhosted.org/packages/fa/de/02b54f42487e3d3c6efb3f89428677074ca7bf43aae402517bc7cca949f3/PyYAML-6.0.2-cp313-cp313-win_amd64.whl", hash = "sha256:8388ee1976c416731879ac16da0aff3f63b286ffdd57cdeb95f3f2e085687563", size = 156446 },
]

[[package]]
name = "regex"
version = "2025.9.1"
source = { registry = "https://pypi.org/simple" }
sdist = { url = "https://files.pythonhosted.org/packages/b2/5a/4c63457fbcaf19d138d72b2e9b39405954f98c0349b31c601bfcb151582c/regex-2025.9.1.tar.gz", hash = "sha256:88ac07b38d20b54d79e704e38aa3bd2c0f8027432164226bdee201a1c0c9c9ff", size = 400852 }
wheels = [
    { url = "https://files.pythonhosted.org/packages/98/25/b2959ce90c6138c5142fe5264ee1f9b71a0c502ca4c7959302a749407c79/regex-2025.9.1-cp313-cp313-macosx_10_13_universal2.whl", hash = "sha256:bc6834727d1b98d710a63e6c823edf6ffbf5792eba35d3fa119531349d4142ef", size = 485932 },
    { url = "https://files.pythonhosted.org/packages/49/2e/6507a2a85f3f2be6643438b7bd976e67ad73223692d6988eb1ff444106d3/regex-2025.9.1-cp313-cp313-macosx_10_13_x86_64.whl", hash = "sha256:c3dc05b6d579875719bccc5f3037b4dc80433d64e94681a0061845bd8863c025", size = 289568 },
    { url = "https://files.pythonhosted.org/packages/c7/d8/de4a4b57215d99868f1640e062a7907e185ec7476b4b689e2345487c1ff4/regex-2025.9.1-cp313-cp313-macosx_11_0_arm64.whl", hash = "sha256:22213527df4c985ec4a729b055a8306272d41d2f45908d7bacb79be0fa7a75ad", size = 286984 },
    { url = "https://files.pythonhosted.org/packages/03/15/e8cb403403a57ed316e80661db0e54d7aa2efcd85cb6156f33cc18746922/regex-2025.9.1-cp313-cp313-manylinux2014_aarch64.manylinux_2_17_aarch64.manylinux_2_28_aarch64.whl", hash = "sha256:8e3f6e3c5a5a1adc3f7ea1b5aec89abfc2f4fbfba55dafb4343cd1d084f715b2", size = 797514 },
    { url = "https://files.pythonhosted.org/packages/e4/26/2446f2b9585fed61faaa7e2bbce3aca7dd8df6554c32addee4c4caecf24a/regex-2025.9.1-cp313-cp313-manylinux2014_ppc64le.manylinux_2_17_ppc64le.manylinux_2_28_ppc64le.whl", hash = "sha256:bcb89c02a0d6c2bec9b0bb2d8c78782699afe8434493bfa6b4021cc51503f249", size = 862586 },
    { url = "https://files.pythonhosted.org/packages/fd/b8/82ffbe9c0992c31bbe6ae1c4b4e21269a5df2559102b90543c9b56724c3c/regex-2025.9.1-cp313-cp313-manylinux2014_s390x.manylinux_2_17_s390x.manylinux_2_28_s390x.whl", hash = "sha256:b0e2f95413eb0c651cd1516a670036315b91b71767af83bc8525350d4375ccba", size = 910815 },
    { url = "https://files.pythonhosted.org/packages/2f/d8/7303ea38911759c1ee30cc5bc623ee85d3196b733c51fd6703c34290a8d9/regex-2025.9.1-cp313-cp313-manylinux2014_x86_64.manylinux_2_17_x86_64.manylinux_2_28_x86_64.whl", hash = "sha256:09a41dc039e1c97d3c2ed3e26523f748e58c4de3ea7a31f95e1cf9ff973fff5a", size = 802042 },
    { url = "https://files.pythonhosted.org/packages/fc/0e/6ad51a55ed4b5af512bb3299a05d33309bda1c1d1e1808fa869a0bed31bc/regex-2025.9.1-cp313-cp313-musllinux_1_2_aarch64.whl", hash = "sha256:4f0b4258b161094f66857a26ee938d3fe7b8a5063861e44571215c44fbf0e5df", size = 786764 },
    { url = "https://files.pythonhosted.org/packages/8d/d5/394e3ffae6baa5a9217bbd14d96e0e5da47bb069d0dbb8278e2681a2b938/regex-2025.9.1-cp313-cp313-musllinux_1_2_ppc64le.whl", hash = "sha256:bf70e18ac390e6977ea7e56f921768002cb0fa359c4199606c7219854ae332e0", size = 856557 },
    { url = "https://files.pythonhosted.org/packages/cd/80/b288d3910c41194ad081b9fb4b371b76b0bbfdce93e7709fc98df27b37dc/regex-2025.9.1-cp313-cp313-musllinux_1_2_s390x.whl", hash = "sha256:b84036511e1d2bb0a4ff1aec26951caa2dea8772b223c9e8a19ed8885b32dbac", size = 849108 },
    { url = "https://files.pythonhosted.org/packages/d1/cd/5ec76bf626d0d5abdc277b7a1734696f5f3d14fbb4a3e2540665bc305d85/regex-2025.9.1-cp313-cp313-musllinux_1_2_x86_64.whl", hash = "sha256:c2e05dcdfe224047f2a59e70408274c325d019aad96227ab959403ba7d58d2d7", size = 788201 },
    { url = "https://files.pythonhosted.org/packages/b5/36/674672f3fdead107565a2499f3007788b878188acec6d42bc141c5366c2c/regex-2025.9.1-cp313-cp313-win32.whl", hash = "sha256:3b9a62107a7441b81ca98261808fed30ae36ba06c8b7ee435308806bd53c1ed8", size = 264508 },
    { url = "https://files.pythonhosted.org/packages/83/ad/931134539515eb64ce36c24457a98b83c1b2e2d45adf3254b94df3735a76/regex-2025.9.1-cp313-cp313-win_amd64.whl", hash = "sha256:b38afecc10c177eb34cfae68d669d5161880849ba70c05cbfbe409f08cc939d7", size = 275469 },
    { url = "https://files.pythonhosted.org/packages/24/8c/96d34e61c0e4e9248836bf86d69cb224fd222f270fa9045b24e218b65604/regex-2025.9.1-cp313-cp313-win_arm64.whl", hash = "sha256:ec329890ad5e7ed9fc292858554d28d58d56bf62cf964faf0aa57964b21155a0", size = 268586 },
    { url = "https://files.pythonhosted.org/packages/21/b1/453cbea5323b049181ec6344a803777914074b9726c9c5dc76749966d12d/regex-2025.9.1-cp314-cp314-macosx_10_13_universal2.whl", hash = "sha256:72fb7a016467d364546f22b5ae86c45680a4e0de6b2a6f67441d22172ff641f1", size = 486111 },
    { url = "https://files.pythonhosted.org/packages/f6/0e/92577f197bd2f7652c5e2857f399936c1876978474ecc5b068c6d8a79c86/regex-2025.9.1-cp314-cp314-macosx_10_13_x86_64.whl", hash = "sha256:c9527fa74eba53f98ad86be2ba003b3ebe97e94b6eb2b916b31b5f055622ef03", size = 289520 },
    { url = "https://files.pythonhosted.org/packages/af/c6/b472398116cca7ea5a6c4d5ccd0fc543f7fd2492cb0c48d2852a11972f73/regex-2025.9.1-cp314-cp314-macosx_11_0_arm64.whl", hash = "sha256:c905d925d194c83a63f92422af7544ec188301451b292c8b487f0543726107ca", size = 287215 },
    { url = "https://files.pythonhosted.org/packages/cf/11/f12ecb0cf9ca792a32bb92f758589a84149017467a544f2f6bfb45c0356d/regex-2025.9.1-cp314-cp314-manylinux2014_aarch64.manylinux_2_17_aarch64.manylinux_2_28_aarch64.whl", hash = "sha256:74df7c74a63adcad314426b1f4ea6054a5ab25d05b0244f0c07ff9ce640fa597", size = 797855 },
    { url = "https://files.pythonhosted.org/packages/46/88/bbb848f719a540fb5997e71310f16f0b33a92c5d4b4d72d4311487fff2a3/regex-2025.9.1-cp314-cp314-manylinux2014_ppc64le.manylinux_2_17_ppc64le.manylinux_2_28_ppc64le.whl", hash = "sha256:4f6e935e98ea48c7a2e8be44494de337b57a204470e7f9c9c42f912c414cd6f5", size = 863363 },
    { url = "https://files.pythonhosted.org/packages/54/a9/2321eb3e2838f575a78d48e03c1e83ea61bd08b74b7ebbdeca8abc50fc25/regex-2025.9.1-cp314-cp314-manylinux2014_s390x.manylinux_2_17_s390x.manylinux_2_28_s390x.whl", hash = "sha256:4a62d033cd9ebefc7c5e466731a508dfabee827d80b13f455de68a50d3c2543d", size = 910202 },
    { url = "https://files.pythonhosted.org/packages/33/07/d1d70835d7d11b7e126181f316f7213c4572ecf5c5c97bdbb969fb1f38a2/regex-2025.9.1-cp314-cp314-manylinux2014_x86_64.manylinux_2_17_x86_64.manylinux_2_28_x86_64.whl", hash = "sha256:ef971ebf2b93bdc88d8337238be4dfb851cc97ed6808eb04870ef67589415171", size = 801808 },
    { url = "https://files.pythonhosted.org/packages/13/d1/29e4d1bed514ef2bf3a4ead3cb8bb88ca8af94130239a4e68aa765c35b1c/regex-2025.9.1-cp314-cp314-musllinux_1_2_aarch64.whl", hash = "sha256:d936a1db208bdca0eca1f2bb2c1ba1d8370b226785c1e6db76e32a228ffd0ad5", size = 786824 },
    { url = "https://files.pythonhosted.org/packages/33/27/20d8ccb1bee460faaa851e6e7cc4cfe852a42b70caa1dca22721ba19f02f/regex-2025.9.1-cp314-cp314-musllinux_1_2_ppc64le.whl", hash = "sha256:7e786d9e4469698fc63815b8de08a89165a0aa851720eb99f5e0ea9d51dd2b6a", size = 857406 },
    { url = "https://files.pythonhosted.org/packages/74/fe/60c6132262dc36430d51e0c46c49927d113d3a38c1aba6a26c7744c84cf3/regex-2025.9.1-cp314-cp314-musllinux_1_2_s390x.whl", hash = "sha256:6b81d7dbc5466ad2c57ce3a0ddb717858fe1a29535c8866f8514d785fdb9fc5b", size = 848593 },
    { url = "https://files.pythonhosted.org/packages/cc/ae/2d4ff915622fabbef1af28387bf71e7f2f4944a348b8460d061e85e29bf0/regex-2025.9.1-cp314-cp314-musllinux_1_2_x86_64.whl", hash = "sha256:cd4890e184a6feb0ef195338a6ce68906a8903a0f2eb7e0ab727dbc0a3156273", size = 787951 },
    { url = "https://files.pythonhosted.org/packages/85/37/dc127703a9e715a284cc2f7dbdd8a9776fd813c85c126eddbcbdd1ca5fec/regex-2025.9.1-cp314-cp314-win32.whl", hash = "sha256:34679a86230e46164c9e0396b56cab13c0505972343880b9e705083cc5b8ec86", size = 269833 },
    { url = "https://files.pythonhosted.org/packages/83/bf/4bed4d3d0570e16771defd5f8f15f7ea2311edcbe91077436d6908956c4a/regex-2025.9.1-cp314-cp314-win_amd64.whl", hash = "sha256:a1196e530a6bfa5f4bde029ac5b0295a6ecfaaffbfffede4bbaf4061d9455b70", size = 278742 },
    { url = "https://files.pythonhosted.org/packages/cf/3e/7d7ac6fd085023312421e0d69dfabdfb28e116e513fadbe9afe710c01893/regex-2025.9.1-cp314-cp314-win_arm64.whl", hash = "sha256:f46d525934871ea772930e997d577d48c6983e50f206ff7b66d4ac5f8941e993", size = 271860 },
]

[[package]]
name = "six"
version = "1.17.0"
source = { registry = "https://pypi.org/simple" }
sdist = { url = "https://files.pythonhosted.org/packages/94/e7/b2c673351809dca68a0e064b6af791aa332cf192da575fd474ed7d6f16a2/six-1.17.0.tar.gz", hash = "sha256:ff70335d468e7eb6ec65b95b99d3a2836546063f63acc5171de367e834932a81", size = 34031 }
wheels = [
    { url = "https://files.pythonhosted.org/packages/b7/ce/149a00dd41f10bc29e5921b496af8b574d8413afcd5e30dfa0ed46c2cc5e/six-1.17.0-py2.py3-none-any.whl", hash = "sha256:4721f391ed90541fddacab5acf947aa0d3dc7d27b2e1e8eda2be8970586c3274", size = 11050 },
]

[[package]]
name = "sqlparse"
version = "0.5.3"
source = { registry = "https://pypi.org/simple" }
sdist = { url = "https://files.pythonhosted.org/packages/e5/40/edede8dd6977b0d3da179a342c198ed100dd2aba4be081861ee5911e4da4/sqlparse-0.5.3.tar.gz", hash = "sha256:09f67787f56a0b16ecdbde1bfc7f5d9c3371ca683cfeaa8e6ff60b4807ec9272", size = 84999 }
wheels = [
    { url = "https://files.pythonhosted.org/packages/a9/5c/bfd6bd0bf979426d405cc6e71eceb8701b148b16c21d2dc3c261efc61c7b/sqlparse-0.5.3-py3-none-any.whl", hash = "sha256:cf2196ed3418f3ba5de6af7e82c694a9fbdbfecccdfc72e281548517081f16ca", size = 44415 },
]

[[package]]
name = "tablib"
version = "3.8.0"
source = { registry = "https://pypi.org/simple" }
sdist = { url = "https://files.pythonhosted.org/packages/09/cc/fe19d9c2ac1088794a51fc72f49b7226f88a0361f924fb3d17a9ec80e657/tablib-3.8.0.tar.gz", hash = "sha256:94d8bcdc65a715a0024a6d5b701a5f31e45bd159269e62c73731de79f048db2b", size = 122247 }
wheels = [
    { url = "https://files.pythonhosted.org/packages/5c/95/6542f54ebd90539b12ed6189cb54a6550a28407b1c503c2e55190c29a4c9/tablib-3.8.0-py3-none-any.whl", hash = "sha256:35bdb9d4ec7052232f8803908f9c7a9c3c65807188b70618fa7a7d8ccd560b4d", size = 47935 },
]

[[package]]
name = "tqdm"
version = "4.67.1"
source = { registry = "https://pypi.org/simple" }
dependencies = [
    { name = "colorama", marker = "platform_system == 'Windows'" },
]
sdist = { url = "https://files.pythonhosted.org/packages/a8/4b/29b4ef32e036bb34e4ab51796dd745cdba7ed47ad142a9f4a1eb8e0c744d/tqdm-4.67.1.tar.gz", hash = "sha256:f8aef9c52c08c13a65f30ea34f4e5aac3fd1a34959879d7e59e63027286627f2", size = 169737 }
wheels = [
    { url = "https://files.pythonhosted.org/packages/d0/30/dc54f88dd4a2b5dc8a0279bdd7270e735851848b762aeb1c1184ed1f6b14/tqdm-4.67.1-py3-none-any.whl", hash = "sha256:26445eca388f82e72884e0d580d5464cd801a3ea01e63e5601bdff9ba6a48de2", size = 78540 },
]

[[package]]
name = "tzdata"
version = "2025.2"
source = { registry = "https://pypi.org/simple" }
sdist = { url = "https://files.pythonhosted.org/packages/95/32/1a225d6164441be760d75c2c42e2780dc0873fe382da3e98a2e1e48361e5/tzdata-2025.2.tar.gz", hash = "sha256:b60a638fcc0daffadf82fe0f57e53d06bdec2f36c4df66280ae79bce6bd6f2b9", size = 196380 }
wheels = [
    { url = "https://files.pythonhosted.org/packages/5c/23/c7abc0ca0a1526a0774eca151daeb8de62ec457e77262b66b359c3c7679e/tzdata-2025.2-py2.py3-none-any.whl", hash = "sha256:1a403fada01ff9221ca8044d701868fa132215d84beb92242d9acd2147f667a8", size = 347839 },
]
